
Microsoft Visual Studio Solution File, Format Version 12.00
# Visual Studio Version 17
VisualStudioVersion = 17.5.33424.131
MinimumVisualStudioVersion = 10.0.40219.1
Project("{8BC9CEB8-8B4A-11D0-8D11-00A0C91BC942}") = "ParadigmaOOP_029", "ParadigmaOOP_029\ParadigmaOOP_029.vcxproj", "{09D34B14-AEE9-4CD9-B5AE-4065E128496D}"
EndProject
Global
	GlobalSection(SolutionConfigurationPlatforms) = preSolution
		Debug|x64 = Debug|x64
		Debug|x86 = Debug|x86
		Release|x64 = Release|x64
		Release|x86 = Release|x86
	EndGlobalSection
	GlobalSection(ProjectConfigurationPlatforms) = postSolution
		{09D34B14-AEE9-4CD9-B5AE-4065E128496D}.Debug|x64.ActiveCfg = Debug|x64
		{09D34B14-AEE9-4CD9-B5AE-4065E128496D}.Debug|x64.Build.0 = Debug|x64
		{09D34B14-AEE9-4CD9-B5AE-4065E128496D}.Debug|x86.ActiveCfg = Debug|Win32
		{09D34B14-AEE9-4CD9-B5AE-4065E128496D}.Debug|x86.Build.0 = Debug|Win32
		{09D34B14-AEE9-4CD9-B5AE-4065E128496D}.Release|x64.ActiveCfg = Release|x64
		{09D34B14-AEE9-4CD9-B5AE-4065E128496D}.Release|x64.Build.0 = Release|x64
		{09D34B14-AEE9-4CD9-B5AE-4065E128496D}.Release|x86.ActiveCfg = Release|Win32
		{09D34B14-AEE9-4CD9-B5AE-4065E128496D}.Release|x86.Build.0 = Release|Win32
	EndGlobalSection
	GlobalSection(SolutionProperties) = preSolution
		HideSolutionNode = FALSE
	EndGlobalSection
	GlobalSection(ExtensibilityGlobals) = postSolution
		SolutionGuid = {DAAB698E-51C6-472E-A503-76BFEE41FD35}
	EndGlobalSection
EndGlobal
