
Microsoft Visual Studio Solution File, Format Version 12.00
# Visual Studio Version 17
VisualStudioVersion = 17.5.33424.131
MinimumVisualStudioVersion = 10.0.40219.1
Project("{8BC9CEB8-8B4A-11D0-8D11-00A0C91BC942}") = "ParadigmaOOP_029", "ParadigmaOOP_029\ParadigmaOOP_029.vcxproj", "{09D34B14-AEE9-4CD9-B5AE-4065E128496D}"
EndProject
Project("{8BC9CEB8-8B4A-11D0-8D11-00A0C91BC942}") = "Asosiasi_029", "Asosiasi_029\Asosiasi_029.vcxproj", "{44F909B5-6E35-43F0-840E-890C89B1E5A4}"
EndProject
Project("{8BC9CEB8-8B4A-11D0-8D11-00A0C91BC942}") = "mainIA_029", "mainIA_029\mainIA_029.vcxproj", "{29059900-2E7D-4CB5-9FB7-B8BBE4762A06}"
EndProject
Project("{8BC9CEB8-8B4A-11D0-8D11-00A0C91BC942}") = "mainJM_029", "mainJM_029\mainJM_029.vcxproj", "{30975FF7-E109-46CD-BB3E-BF6BC150B93D}"
EndProject
Project("{8BC9CEB8-8B4A-11D0-8D11-00A0C91BC942}") = "memberinitlist_029", "memberinitlist_029\memberinitlist_029.vcxproj", "{6F37CF90-5E12-468E-B141-DD45A995CF6B}"
EndProject
Global
	GlobalSection(SolutionConfigurationPlatforms) = preSolution
		Debug|x64 = Debug|x64
		Debug|x86 = Debug|x86
		Release|x64 = Release|x64
		Release|x86 = Release|x86
	EndGlobalSection
	GlobalSection(ProjectConfigurationPlatforms) = postSolution
		{09D34B14-AEE9-4CD9-B5AE-4065E128496D}.Debug|x64.ActiveCfg = Debug|x64
		{09D34B14-AEE9-4CD9-B5AE-4065E128496D}.Debug|x64.Build.0 = Debug|x64
		{09D34B14-AEE9-4CD9-B5AE-4065E128496D}.Debug|x86.ActiveCfg = Debug|Win32
		{09D34B14-AEE9-4CD9-B5AE-4065E128496D}.Debug|x86.Build.0 = Debug|Win32
		{09D34B14-AEE9-4CD9-B5AE-4065E128496D}.Release|x64.ActiveCfg = Release|x64
		{09D34B14-AEE9-4CD9-B5AE-4065E128496D}.Release|x64.Build.0 = Release|x64
		{09D34B14-AEE9-4CD9-B5AE-4065E128496D}.Release|x86.ActiveCfg = Release|Win32
		{09D34B14-AEE9-4CD9-B5AE-4065E128496D}.Release|x86.Build.0 = Release|Win32
		{44F909B5-6E35-43F0-840E-890C89B1E5A4}.Debug|x64.ActiveCfg = Debug|x64
		{44F909B5-6E35-43F0-840E-890C89B1E5A4}.Debug|x64.Build.0 = Debug|x64
		{44F909B5-6E35-43F0-840E-890C89B1E5A4}.Debug|x86.ActiveCfg = Debug|Win32
		{44F909B5-6E35-43F0-840E-890C89B1E5A4}.Debug|x86.Build.0 = Debug|Win32
		{44F909B5-6E35-43F0-840E-890C89B1E5A4}.Release|x64.ActiveCfg = Release|x64
		{44F909B5-6E35-43F0-840E-890C89B1E5A4}.Release|x64.Build.0 = Release|x64
		{44F909B5-6E35-43F0-840E-890C89B1E5A4}.Release|x86.ActiveCfg = Release|Win32
		{44F909B5-6E35-43F0-840E-890C89B1E5A4}.Release|x86.Build.0 = Release|Win32
		{29059900-2E7D-4CB5-9FB7-B8BBE4762A06}.Debug|x64.ActiveCfg = Debug|x64
		{29059900-2E7D-4CB5-9FB7-B8BBE4762A06}.Debug|x64.Build.0 = Debug|x64
		{29059900-2E7D-4CB5-9FB7-B8BBE4762A06}.Debug|x86.ActiveCfg = Debug|Win32
		{29059900-2E7D-4CB5-9FB7-B8BBE4762A06}.Debug|x86.Build.0 = Debug|Win32
		{29059900-2E7D-4CB5-9FB7-B8BBE4762A06}.Release|x64.ActiveCfg = Release|x64
		{29059900-2E7D-4CB5-9FB7-B8BBE4762A06}.Release|x64.Build.0 = Release|x64
		{29059900-2E7D-4CB5-9FB7-B8BBE4762A06}.Release|x86.ActiveCfg = Release|Win32
		{29059900-2E7D-4CB5-9FB7-B8BBE4762A06}.Release|x86.Build.0 = Release|Win32
		{30975FF7-E109-46CD-BB3E-BF6BC150B93D}.Debug|x64.ActiveCfg = Debug|x64
		{30975FF7-E109-46CD-BB3E-BF6BC150B93D}.Debug|x64.Build.0 = Debug|x64
		{30975FF7-E109-46CD-BB3E-BF6BC150B93D}.Debug|x86.ActiveCfg = Debug|Win32
		{30975FF7-E109-46CD-BB3E-BF6BC150B93D}.Debug|x86.Build.0 = Debug|Win32
		{30975FF7-E109-46CD-BB3E-BF6BC150B93D}.Release|x64.ActiveCfg = Release|x64
		{30975FF7-E109-46CD-BB3E-BF6BC150B93D}.Release|x64.Build.0 = Release|x64
		{30975FF7-E109-46CD-BB3E-BF6BC150B93D}.Release|x86.ActiveCfg = Release|Win32
		{30975FF7-E109-46CD-BB3E-BF6BC150B93D}.Release|x86.Build.0 = Release|Win32
		{6F37CF90-5E12-468E-B141-DD45A995CF6B}.Debug|x64.ActiveCfg = Debug|x64
		{6F37CF90-5E12-468E-B141-DD45A995CF6B}.Debug|x64.Build.0 = Debug|x64
		{6F37CF90-5E12-468E-B141-DD45A995CF6B}.Debug|x86.ActiveCfg = Debug|Win32
		{6F37CF90-5E12-468E-B141-DD45A995CF6B}.Debug|x86.Build.0 = Debug|Win32
		{6F37CF90-5E12-468E-B141-DD45A995CF6B}.Release|x64.ActiveCfg = Release|x64
		{6F37CF90-5E12-468E-B141-DD45A995CF6B}.Release|x64.Build.0 = Release|x64
		{6F37CF90-5E12-468E-B141-DD45A995CF6B}.Release|x86.ActiveCfg = Release|Win32
		{6F37CF90-5E12-468E-B141-DD45A995CF6B}.Release|x86.Build.0 = Release|Win32
	EndGlobalSection
	GlobalSection(SolutionProperties) = preSolution
		HideSolutionNode = FALSE
	EndGlobalSection
	GlobalSection(ExtensibilityGlobals) = postSolution
		SolutionGuid = {DAAB698E-51C6-472E-A503-76BFEE41FD35}
	EndGlobalSection
EndGlobal
